
Microsoft Visual Studio Solution File, Format Version 12.00
# Visual Studio 15
VisualStudioVersion = 15.0.28307.1340
MinimumVisualStudioVersion = 10.0.40219.1
Project("{FAE04EC0-301F-11D3-BF4B-00C04F79EFBC}") = "Micraft_Solutions", "Micraft_Solutions\Micraft_Solutions.csproj", "{0A622277-3C32-4B1B-A092-BD30157D3013}"
EndProject
Global
	GlobalSection(SolutionConfigurationPlatforms) = preSolution
		Debug|Any CPU = Debug|Any CPU
		Release|Any CPU = Release|Any CPU
	EndGlobalSection
	GlobalSection(ProjectConfigurationPlatforms) = postSolution
		{0A622277-3C32-4B1B-A092-BD30157D3013}.Debug|Any CPU.ActiveCfg = Debug|Any CPU
		{0A622277-3C32-4B1B-A092-BD30157D3013}.Debug|Any CPU.Build.0 = Debug|Any CPU
		{0A622277-3C32-4B1B-A092-BD30157D3013}.Release|Any CPU.ActiveCfg = Release|Any CPU
		{0A622277-3C32-4B1B-A092-BD30157D3013}.Release|Any CPU.Build.0 = Release|Any CPU
	EndGlobalSection
	GlobalSection(SolutionProperties) = preSolution
		HideSolutionNode = FALSE
	EndGlobalSection
	GlobalSection(ExtensibilityGlobals) = postSolution
		SolutionGuid = {0BCA725C-D229-4460-898D-EECA0A77BCF0}
	EndGlobalSection
EndGlobal
